// !$*UTF8*$!
{
	archiveVersion = 1;
	classes = {
	};
	objectVersion = 45;
	objects = {

/* Begin PBXBuildFile section */
		1D3623260D0F684500981E51 /* NamNamTouchAppDelegate.m in Sources */ = {isa = PBXBuildFile; fileRef = 1D3623250D0F684500981E51 /* NamNamTouchAppDelegate.m */; };
		1D60589B0D05DD56006BFB54 /* main.m in Sources */ = {isa = PBXBuildFile; fileRef = 29B97316FDCFA39411CA2CEA /* main.m */; };
		1D60589F0D05DD5A006BFB54 /* Foundation.framework in Frameworks */ = {isa = PBXBuildFile; fileRef = 1D30AB110D05D00D00671497 /* Foundation.framework */; };
		1DF5F4E00D08C38300B7A737 /* UIKit.framework in Frameworks */ = {isa = PBXBuildFile; fileRef = 1DF5F4DF0D08C38300B7A737 /* UIKit.framework */; };
		2892E4100DC94CBA00A64D0F /* CoreGraphics.framework in Frameworks */ = {isa = PBXBuildFile; fileRef = 2892E40F0DC94CBA00A64D0F /* CoreGraphics.framework */; };
		28AD73600D9D9599002E5188 /* MainWindow.xib in Resources */ = {isa = PBXBuildFile; fileRef = 28AD735F0D9D9599002E5188 /* MainWindow.xib */; };
		28C286E10D94DF7D0034E888 /* RootViewController.m in Sources */ = {isa = PBXBuildFile; fileRef = 28C286E00D94DF7D0034E888 /* RootViewController.m */; };
		28F335F11007B36200424DE2 /* RootViewController.xib in Resources */ = {isa = PBXBuildFile; fileRef = 28F335F01007B36200424DE2 /* RootViewController.xib */; };
		2F5AE13D1260B0CA005D7DC5 /* NamNamURLs.plist in Resources */ = {isa = PBXBuildFile; fileRef = 2F5AE13C1260B0CA005D7DC5 /* NamNamURLs.plist */; };
		2F5AE1451260B23B005D7DC5 /* NamNamSettingsController.m in Sources */ = {isa = PBXBuildFile; fileRef = 2F5AE1431260B23B005D7DC5 /* NamNamSettingsController.m */; };
		2F5AE1461260B23B005D7DC5 /* NamNamSettingsController.xib in Resources */ = {isa = PBXBuildFile; fileRef = 2F5AE1441260B23B005D7DC5 /* NamNamSettingsController.xib */; };
		2F5AE14B1260B2B1005D7DC5 /* MensaURL.m in Sources */ = {isa = PBXBuildFile; fileRef = 2F5AE14A1260B2B1005D7DC5 /* MensaURL.m */; };
		2F5AE2AC1260C95D005D7DC5 /* NamNamMensaPickerController.m in Sources */ = {isa = PBXBuildFile; fileRef = 2F5AE2AA1260C95D005D7DC5 /* NamNamMensaPickerController.m */; };
		2F5AE2AD1260C95D005D7DC5 /* NamNamMensaPickerController.xib in Resources */ = {isa = PBXBuildFile; fileRef = 2F5AE2AB1260C95D005D7DC5 /* NamNamMensaPickerController.xib */; };
		2F5AE3371260D3C5005D7DC5 /* NamNamSettings.plist in Resources */ = {isa = PBXBuildFile; fileRef = 2F5AE3361260D3C5005D7DC5 /* NamNamSettings.plist */; };
		2F5AE4AA126104D6005D7DC5 /* Icon-72.png in Resources */ = {isa = PBXBuildFile; fileRef = 2F5AE4A4126104D6005D7DC5 /* Icon-72.png */; };
		2F5AE4AB126104D6005D7DC5 /* Icon-Small-50.png in Resources */ = {isa = PBXBuildFile; fileRef = 2F5AE4A5126104D6005D7DC5 /* Icon-Small-50.png */; };
		2F5AE4AC126104D6005D7DC5 /* Icon-Small.png in Resources */ = {isa = PBXBuildFile; fileRef = 2F5AE4A6126104D6005D7DC5 /* Icon-Small.png */; };
		2F5AE4AD126104D6005D7DC5 /* Icon-Small@2x.png in Resources */ = {isa = PBXBuildFile; fileRef = 2F5AE4A7126104D6005D7DC5 /* Icon-Small@2x.png */; };
		2F5AE4AE126104D6005D7DC5 /* Icon.png in Resources */ = {isa = PBXBuildFile; fileRef = 2F5AE4A8126104D6005D7DC5 /* Icon.png */; };
		2F5AE4AF126104D6005D7DC5 /* Icon@2x.png in Resources */ = {isa = PBXBuildFile; fileRef = 2F5AE4A9126104D6005D7DC5 /* Icon@2x.png */; };
		2F5AE4CD126106B7005D7DC5 /* TagesMenueTableCellController.m in Sources */ = {isa = PBXBuildFile; fileRef = 2F5AE4CB126106B7005D7DC5 /* TagesMenueTableCellController.m */; };
		2F5AE4CE126106B7005D7DC5 /* TagesMenueTableCellController.xib in Resources */ = {isa = PBXBuildFile; fileRef = 2F5AE4CC126106B7005D7DC5 /* TagesMenueTableCellController.xib */; };
		2F5AE5CB12611377005D7DC5 /* rind.png in Resources */ = {isa = PBXBuildFile; fileRef = 2F5AE5C812611377005D7DC5 /* rind.png */; };
		2F5AE5F51261162C005D7DC5 /* veggie.png in Resources */ = {isa = PBXBuildFile; fileRef = 2F5AE5F41261162C005D7DC5 /* veggie.png */; };
		2F5AE67A12611BFB005D7DC5 /* nopork.png in Resources */ = {isa = PBXBuildFile; fileRef = 2F5AE67912611BFB005D7DC5 /* nopork.png */; };
		2FF01EBB124EB7E100B8E408 /* TagesMenueDetailController.m in Sources */ = {isa = PBXBuildFile; fileRef = 2FF01EB9124EB7E100B8E408 /* TagesMenueDetailController.m */; };
		2FF01EBC124EB7E100B8E408 /* TagesMenueDetailController.xib in Resources */ = {isa = PBXBuildFile; fileRef = 2FF01EBA124EB7E100B8E408 /* TagesMenueDetailController.xib */; };
		2FF34431124E80B700A7956E /* Mensa.m in Sources */ = {isa = PBXBuildFile; fileRef = 2FF34430124E80B700A7956E /* Mensa.m */; };
		2FF3443B124E824C00A7956E /* Tagesmenue.m in Sources */ = {isa = PBXBuildFile; fileRef = 2FF3443A124E824C00A7956E /* Tagesmenue.m */; };
		2FF34440124E82D300A7956E /* Essen.m in Sources */ = {isa = PBXBuildFile; fileRef = 2FF3443F124E82D300A7956E /* Essen.m */; };
		2FF34491124E882F00A7956E /* Mensaessen.m in Sources */ = {isa = PBXBuildFile; fileRef = 2FF34490124E882F00A7956E /* Mensaessen.m */; };
		2FF344AE124E8CA400A7956E /* NamNamXMLParser.m in Sources */ = {isa = PBXBuildFile; fileRef = 2FF344AB124E8CA400A7956E /* NamNamXMLParser.m */; };
		2FF348461262505900DD928C /* ModelLocator.m in Sources */ = {isa = PBXBuildFile; fileRef = 2FF348451262505900DD928C /* ModelLocator.m */; };
/* End PBXBuildFile section */

/* Begin PBXFileReference section */
		1D30AB110D05D00D00671497 /* Foundation.framework */ = {isa = PBXFileReference; lastKnownFileType = wrapper.framework; name = Foundation.framework; path = System/Library/Frameworks/Foundation.framework; sourceTree = SDKROOT; };
		1D3623240D0F684500981E51 /* NamNamTouchAppDelegate.h */ = {isa = PBXFileReference; fileEncoding = 4; lastKnownFileType = sourcecode.c.h; path = NamNamTouchAppDelegate.h; sourceTree = "<group>"; };
		1D3623250D0F684500981E51 /* NamNamTouchAppDelegate.m */ = {isa = PBXFileReference; fileEncoding = 4; lastKnownFileType = sourcecode.c.objc; path = NamNamTouchAppDelegate.m; sourceTree = "<group>"; };
		1D6058910D05DD3D006BFB54 /* NamNamTouch.app */ = {isa = PBXFileReference; explicitFileType = wrapper.application; includeInIndex = 0; path = NamNamTouch.app; sourceTree = BUILT_PRODUCTS_DIR; };
		1DF5F4DF0D08C38300B7A737 /* UIKit.framework */ = {isa = PBXFileReference; lastKnownFileType = wrapper.framework; name = UIKit.framework; path = System/Library/Frameworks/UIKit.framework; sourceTree = SDKROOT; };
		2892E40F0DC94CBA00A64D0F /* CoreGraphics.framework */ = {isa = PBXFileReference; lastKnownFileType = wrapper.framework; name = CoreGraphics.framework; path = System/Library/Frameworks/CoreGraphics.framework; sourceTree = SDKROOT; };
		28A0AAE50D9B0CCF005BE974 /* NamNamTouch_Prefix.pch */ = {isa = PBXFileReference; fileEncoding = 4; lastKnownFileType = sourcecode.c.h; path = NamNamTouch_Prefix.pch; sourceTree = "<group>"; };
		28AD735F0D9D9599002E5188 /* MainWindow.xib */ = {isa = PBXFileReference; lastKnownFileType = file.xib; path = MainWindow.xib; sourceTree = "<group>"; };
		28C286DF0D94DF7D0034E888 /* RootViewController.h */ = {isa = PBXFileReference; fileEncoding = 4; lastKnownFileType = sourcecode.c.h; path = RootViewController.h; sourceTree = "<group>"; };
		28C286E00D94DF7D0034E888 /* RootViewController.m */ = {isa = PBXFileReference; fileEncoding = 4; lastKnownFileType = sourcecode.c.objc; path = RootViewController.m; sourceTree = "<group>"; };
		28F335F01007B36200424DE2 /* RootViewController.xib */ = {isa = PBXFileReference; lastKnownFileType = file.xib; path = RootViewController.xib; sourceTree = "<group>"; };
		29B97316FDCFA39411CA2CEA /* main.m */ = {isa = PBXFileReference; fileEncoding = 4; lastKnownFileType = sourcecode.c.objc; path = main.m; sourceTree = "<group>"; };
		2F5AE13C1260B0CA005D7DC5 /* NamNamURLs.plist */ = {isa = PBXFileReference; fileEncoding = 4; lastKnownFileType = text.plist.xml; path = NamNamURLs.plist; sourceTree = "<group>"; };
		2F5AE1421260B23B005D7DC5 /* NamNamSettingsController.h */ = {isa = PBXFileReference; fileEncoding = 4; lastKnownFileType = sourcecode.c.h; path = NamNamSettingsController.h; sourceTree = "<group>"; };
		2F5AE1431260B23B005D7DC5 /* NamNamSettingsController.m */ = {isa = PBXFileReference; fileEncoding = 4; lastKnownFileType = sourcecode.c.objc; path = NamNamSettingsController.m; sourceTree = "<group>"; };
		2F5AE1441260B23B005D7DC5 /* NamNamSettingsController.xib */ = {isa = PBXFileReference; lastKnownFileType = file.xib; name = NamNamSettingsController.xib; path = Classes/NamNamSettingsController.xib; sourceTree = "<group>"; };
		2F5AE1491260B2B1005D7DC5 /* MensaURL.h */ = {isa = PBXFileReference; fileEncoding = 4; lastKnownFileType = sourcecode.c.h; path = MensaURL.h; sourceTree = "<group>"; };
		2F5AE14A1260B2B1005D7DC5 /* MensaURL.m */ = {isa = PBXFileReference; fileEncoding = 4; lastKnownFileType = sourcecode.c.objc; path = MensaURL.m; sourceTree = "<group>"; };
		2F5AE2A91260C95D005D7DC5 /* NamNamMensaPickerController.h */ = {isa = PBXFileReference; fileEncoding = 4; lastKnownFileType = sourcecode.c.h; path = NamNamMensaPickerController.h; sourceTree = "<group>"; };
		2F5AE2AA1260C95D005D7DC5 /* NamNamMensaPickerController.m */ = {isa = PBXFileReference; fileEncoding = 4; lastKnownFileType = sourcecode.c.objc; path = NamNamMensaPickerController.m; sourceTree = "<group>"; };
		2F5AE2AB1260C95D005D7DC5 /* NamNamMensaPickerController.xib */ = {isa = PBXFileReference; lastKnownFileType = file.xib; name = NamNamMensaPickerController.xib; path = Classes/NamNamMensaPickerController.xib; sourceTree = "<group>"; };
		2F5AE3361260D3C5005D7DC5 /* NamNamSettings.plist */ = {isa = PBXFileReference; fileEncoding = 4; lastKnownFileType = text.plist.xml; path = NamNamSettings.plist; sourceTree = "<group>"; };
		2F5AE4A4126104D6005D7DC5 /* Icon-72.png */ = {isa = PBXFileReference; lastKnownFileType = image.png; path = "Icon-72.png"; sourceTree = "<group>"; };
		2F5AE4A5126104D6005D7DC5 /* Icon-Small-50.png */ = {isa = PBXFileReference; lastKnownFileType = image.png; path = "Icon-Small-50.png"; sourceTree = "<group>"; };
		2F5AE4A6126104D6005D7DC5 /* Icon-Small.png */ = {isa = PBXFileReference; lastKnownFileType = image.png; path = "Icon-Small.png"; sourceTree = "<group>"; };
		2F5AE4A7126104D6005D7DC5 /* Icon-Small@2x.png */ = {isa = PBXFileReference; lastKnownFileType = image.png; path = "Icon-Small@2x.png"; sourceTree = "<group>"; };
		2F5AE4A8126104D6005D7DC5 /* Icon.png */ = {isa = PBXFileReference; lastKnownFileType = image.png; path = Icon.png; sourceTree = "<group>"; };
		2F5AE4A9126104D6005D7DC5 /* Icon@2x.png */ = {isa = PBXFileReference; lastKnownFileType = image.png; path = "Icon@2x.png"; sourceTree = "<group>"; };
		2F5AE4CA126106B7005D7DC5 /* TagesMenueTableCellController.h */ = {isa = PBXFileReference; fileEncoding = 4; lastKnownFileType = sourcecode.c.h; path = TagesMenueTableCellController.h; sourceTree = "<group>"; };
		2F5AE4CB126106B7005D7DC5 /* TagesMenueTableCellController.m */ = {isa = PBXFileReference; fileEncoding = 4; lastKnownFileType = sourcecode.c.objc; path = TagesMenueTableCellController.m; sourceTree = "<group>"; };
		2F5AE4CC126106B7005D7DC5 /* TagesMenueTableCellController.xib */ = {isa = PBXFileReference; lastKnownFileType = file.xib; name = TagesMenueTableCellController.xib; path = Classes/TagesMenueTableCellController.xib; sourceTree = "<group>"; };
		2F5AE5C812611377005D7DC5 /* rind.png */ = {isa = PBXFileReference; lastKnownFileType = image.png; path = rind.png; sourceTree = "<group>"; };
		2F5AE5F41261162C005D7DC5 /* veggie.png */ = {isa = PBXFileReference; lastKnownFileType = image.png; path = veggie.png; sourceTree = "<group>"; };
		2F5AE67912611BFB005D7DC5 /* nopork.png */ = {isa = PBXFileReference; lastKnownFileType = image.png; path = nopork.png; sourceTree = "<group>"; };
		2FF01EB8124EB7E100B8E408 /* TagesMenueDetailController.h */ = {isa = PBXFileReference; fileEncoding = 4; lastKnownFileType = sourcecode.c.h; path = TagesMenueDetailController.h; sourceTree = "<group>"; };
		2FF01EB9124EB7E100B8E408 /* TagesMenueDetailController.m */ = {isa = PBXFileReference; fileEncoding = 4; lastKnownFileType = sourcecode.c.objc; path = TagesMenueDetailController.m; sourceTree = "<group>"; };
		2FF01EBA124EB7E100B8E408 /* TagesMenueDetailController.xib */ = {isa = PBXFileReference; lastKnownFileType = file.xib; name = TagesMenueDetailController.xib; path = Classes/TagesMenueDetailController.xib; sourceTree = "<group>"; };
		2FF3442F124E80B700A7956E /* Mensa.h */ = {isa = PBXFileReference; fileEncoding = 4; lastKnownFileType = sourcecode.c.h; path = Mensa.h; sourceTree = "<group>"; };
		2FF34430124E80B700A7956E /* Mensa.m */ = {isa = PBXFileReference; fileEncoding = 4; lastKnownFileType = sourcecode.c.objc; path = Mensa.m; sourceTree = "<group>"; };
		2FF34439124E824C00A7956E /* Tagesmenue.h */ = {isa = PBXFileReference; fileEncoding = 4; lastKnownFileType = sourcecode.c.h; path = Tagesmenue.h; sourceTree = "<group>"; };
		2FF3443A124E824C00A7956E /* Tagesmenue.m */ = {isa = PBXFileReference; fileEncoding = 4; lastKnownFileType = sourcecode.c.objc; path = Tagesmenue.m; sourceTree = "<group>"; };
		2FF3443E124E82D300A7956E /* Essen.h */ = {isa = PBXFileReference; fileEncoding = 4; lastKnownFileType = sourcecode.c.h; path = Essen.h; sourceTree = "<group>"; };
		2FF3443F124E82D300A7956E /* Essen.m */ = {isa = PBXFileReference; fileEncoding = 4; lastKnownFileType = sourcecode.c.objc; path = Essen.m; sourceTree = "<group>"; };
		2FF3448F124E882F00A7956E /* Mensaessen.h */ = {isa = PBXFileReference; fileEncoding = 4; lastKnownFileType = sourcecode.c.h; path = Mensaessen.h; sourceTree = "<group>"; };
		2FF34490124E882F00A7956E /* Mensaessen.m */ = {isa = PBXFileReference; fileEncoding = 4; lastKnownFileType = sourcecode.c.objc; path = Mensaessen.m; sourceTree = "<group>"; };
		2FF344AA124E8CA400A7956E /* NamNamXMLParser.h */ = {isa = PBXFileReference; fileEncoding = 4; lastKnownFileType = sourcecode.c.h; path = NamNamXMLParser.h; sourceTree = "<group>"; };
		2FF344AB124E8CA400A7956E /* NamNamXMLParser.m */ = {isa = PBXFileReference; fileEncoding = 4; lastKnownFileType = sourcecode.c.objc; path = NamNamXMLParser.m; sourceTree = "<group>"; };
		2FF348441262505900DD928C /* ModelLocator.h */ = {isa = PBXFileReference; fileEncoding = 4; lastKnownFileType = sourcecode.c.h; path = ModelLocator.h; sourceTree = "<group>"; };
		2FF348451262505900DD928C /* ModelLocator.m */ = {isa = PBXFileReference; fileEncoding = 4; lastKnownFileType = sourcecode.c.objc; path = ModelLocator.m; sourceTree = "<group>"; };
		8D1107310486CEB800E47090 /* NamNamTouch-Info.plist */ = {isa = PBXFileReference; fileEncoding = 4; lastKnownFileType = text.plist.xml; path = "NamNamTouch-Info.plist"; plistStructureDefinitionIdentifier = "com.apple.xcode.plist.structure-definition.iphone.info-plist"; sourceTree = "<group>"; };
/* End PBXFileReference section */

/* Begin PBXFrameworksBuildPhase section */
		1D60588F0D05DD3D006BFB54 /* Frameworks */ = {
			isa = PBXFrameworksBuildPhase;
			buildActionMask = 2147483647;
			files = (
				1D60589F0D05DD5A006BFB54 /* Foundation.framework in Frameworks */,
				1DF5F4E00D08C38300B7A737 /* UIKit.framework in Frameworks */,
				2892E4100DC94CBA00A64D0F /* CoreGraphics.framework in Frameworks */,
			);
			runOnlyForDeploymentPostprocessing = 0;
		};
/* End PBXFrameworksBuildPhase section */

/* Begin PBXGroup section */
		080E96DDFE201D6D7F000001 /* Classes */ = {
			isa = PBXGroup;
			children = (
				2FF344AA124E8CA400A7956E /* NamNamXMLParser.h */,
				2FF344AB124E8CA400A7956E /* NamNamXMLParser.m */,
				2FF3442C124E803900A7956E /* Model */,
				28C286DF0D94DF7D0034E888 /* RootViewController.h */,
				28C286E00D94DF7D0034E888 /* RootViewController.m */,
				1D3623240D0F684500981E51 /* NamNamTouchAppDelegate.h */,
				1D3623250D0F684500981E51 /* NamNamTouchAppDelegate.m */,
				2FF01EB8124EB7E100B8E408 /* TagesMenueDetailController.h */,
				2FF01EB9124EB7E100B8E408 /* TagesMenueDetailController.m */,
				2F5AE1421260B23B005D7DC5 /* NamNamSettingsController.h */,
				2F5AE1431260B23B005D7DC5 /* NamNamSettingsController.m */,
				2F5AE2A91260C95D005D7DC5 /* NamNamMensaPickerController.h */,
				2F5AE2AA1260C95D005D7DC5 /* NamNamMensaPickerController.m */,
				2F5AE4CA126106B7005D7DC5 /* TagesMenueTableCellController.h */,
				2F5AE4CB126106B7005D7DC5 /* TagesMenueTableCellController.m */,
			);
			path = Classes;
			sourceTree = "<group>";
		};
		19C28FACFE9D520D11CA2CBB /* Products */ = {
			isa = PBXGroup;
			children = (
				1D6058910D05DD3D006BFB54 /* NamNamTouch.app */,
			);
			name = Products;
			sourceTree = "<group>";
		};
		29B97314FDCFA39411CA2CEA /* CustomTemplate */ = {
			isa = PBXGroup;
			children = (
				080E96DDFE201D6D7F000001 /* Classes */,
				29B97315FDCFA39411CA2CEA /* Other Sources */,
				29B97317FDCFA39411CA2CEA /* Resources */,
				29B97323FDCFA39411CA2CEA /* Frameworks */,
				19C28FACFE9D520D11CA2CBB /* Products */,
			);
			name = CustomTemplate;
			sourceTree = "<group>";
		};
		29B97315FDCFA39411CA2CEA /* Other Sources */ = {
			isa = PBXGroup;
			children = (
				28A0AAE50D9B0CCF005BE974 /* NamNamTouch_Prefix.pch */,
				29B97316FDCFA39411CA2CEA /* main.m */,
			);
			name = "Other Sources";
			sourceTree = "<group>";
		};
		29B97317FDCFA39411CA2CEA /* Resources */ = {
			isa = PBXGroup;
			children = (
				2F5AE67912611BFB005D7DC5 /* nopork.png */,
				2F5AE5F41261162C005D7DC5 /* veggie.png */,
				2F5AE5C812611377005D7DC5 /* rind.png */,
				2F5AE4CC126106B7005D7DC5 /* TagesMenueTableCellController.xib */,
				2F5AE4A4126104D6005D7DC5 /* Icon-72.png */,
				2F5AE4A5126104D6005D7DC5 /* Icon-Small-50.png */,
				2F5AE4A6126104D6005D7DC5 /* Icon-Small.png */,
				2F5AE4A7126104D6005D7DC5 /* Icon-Small@2x.png */,
				2F5AE4A8126104D6005D7DC5 /* Icon.png */,
				2F5AE4A9126104D6005D7DC5 /* Icon@2x.png */,
				2F5AE2AB1260C95D005D7DC5 /* NamNamMensaPickerController.xib */,
				2F5AE1441260B23B005D7DC5 /* NamNamSettingsController.xib */,
				28F335F01007B36200424DE2 /* RootViewController.xib */,
				2FF01EBA124EB7E100B8E408 /* TagesMenueDetailController.xib */,
				28AD735F0D9D9599002E5188 /* MainWindow.xib */,
				8D1107310486CEB800E47090 /* NamNamTouch-Info.plist */,
				2F5AE13C1260B0CA005D7DC5 /* NamNamURLs.plist */,
				2F5AE3361260D3C5005D7DC5 /* NamNamSettings.plist */,
			);
			name = Resources;
			sourceTree = "<group>";
		};
		29B97323FDCFA39411CA2CEA /* Frameworks */ = {
			isa = PBXGroup;
			children = (
				1DF5F4DF0D08C38300B7A737 /* UIKit.framework */,
				1D30AB110D05D00D00671497 /* Foundation.framework */,
				2892E40F0DC94CBA00A64D0F /* CoreGraphics.framework */,
			);
			name = Frameworks;
			sourceTree = "<group>";
		};
		2FF3442C124E803900A7956E /* Model */ = {
			isa = PBXGroup;
			children = (
				2FF3442F124E80B700A7956E /* Mensa.h */,
				2FF34430124E80B700A7956E /* Mensa.m */,
				2FF34439124E824C00A7956E /* Tagesmenue.h */,
				2FF3443A124E824C00A7956E /* Tagesmenue.m */,
				2FF3443E124E82D300A7956E /* Essen.h */,
				2FF3443F124E82D300A7956E /* Essen.m */,
				2FF3448F124E882F00A7956E /* Mensaessen.h */,
				2FF34490124E882F00A7956E /* Mensaessen.m */,
				2F5AE1491260B2B1005D7DC5 /* MensaURL.h */,
				2F5AE14A1260B2B1005D7DC5 /* MensaURL.m */,
				2FF348441262505900DD928C /* ModelLocator.h */,
				2FF348451262505900DD928C /* ModelLocator.m */,
			);
			name = Model;
			sourceTree = "<group>";
		};
/* End PBXGroup section */

/* Begin PBXNativeTarget section */
		1D6058900D05DD3D006BFB54 /* NamNam */ = {
			isa = PBXNativeTarget;
			buildConfigurationList = 1D6058960D05DD3E006BFB54 /* Build configuration list for PBXNativeTarget "NamNam" */;
			buildPhases = (
				1D60588D0D05DD3D006BFB54 /* Resources */,
				1D60588E0D05DD3D006BFB54 /* Sources */,
				1D60588F0D05DD3D006BFB54 /* Frameworks */,
			);
			buildRules = (
			);
			dependencies = (
			);
			name = NamNam;
			productName = NamNamTouch;
			productReference = 1D6058910D05DD3D006BFB54 /* NamNamTouch.app */;
			productType = "com.apple.product-type.application";
		};
/* End PBXNativeTarget section */

/* Begin PBXProject section */
		29B97313FDCFA39411CA2CEA /* Project object */ = {
			isa = PBXProject;
			buildConfigurationList = C01FCF4E08A954540054247B /* Build configuration list for PBXProject "NamNamTouch" */;
			compatibilityVersion = "Xcode 3.1";
			developmentRegion = English;
			hasScannedForEncodings = 1;
			knownRegions = (
				English,
				Japanese,
				French,
				German,
				en,
			);
			mainGroup = 29B97314FDCFA39411CA2CEA /* CustomTemplate */;
			projectDirPath = "";
			projectRoot = "";
			targets = (
				1D6058900D05DD3D006BFB54 /* NamNam */,
			);
		};
/* End PBXProject section */

/* Begin PBXResourcesBuildPhase section */
		1D60588D0D05DD3D006BFB54 /* Resources */ = {
			isa = PBXResourcesBuildPhase;
			buildActionMask = 2147483647;
			files = (
				28AD73600D9D9599002E5188 /* MainWindow.xib in Resources */,
				28F335F11007B36200424DE2 /* RootViewController.xib in Resources */,
				2FF01EBC124EB7E100B8E408 /* TagesMenueDetailController.xib in Resources */,
				2F5AE13D1260B0CA005D7DC5 /* NamNamURLs.plist in Resources */,
				2F5AE1461260B23B005D7DC5 /* NamNamSettingsController.xib in Resources */,
				2F5AE2AD1260C95D005D7DC5 /* NamNamMensaPickerController.xib in Resources */,
				2F5AE3371260D3C5005D7DC5 /* NamNamSettings.plist in Resources */,
				2F5AE4AA126104D6005D7DC5 /* Icon-72.png in Resources */,
				2F5AE4AB126104D6005D7DC5 /* Icon-Small-50.png in Resources */,
				2F5AE4AC126104D6005D7DC5 /* Icon-Small.png in Resources */,
				2F5AE4AD126104D6005D7DC5 /* Icon-Small@2x.png in Resources */,
				2F5AE4AE126104D6005D7DC5 /* Icon.png in Resources */,
				2F5AE4AF126104D6005D7DC5 /* Icon@2x.png in Resources */,
				2F5AE4CE126106B7005D7DC5 /* TagesMenueTableCellController.xib in Resources */,
				2F5AE5CB12611377005D7DC5 /* rind.png in Resources */,
				2F5AE5F51261162C005D7DC5 /* veggie.png in Resources */,
				2F5AE67A12611BFB005D7DC5 /* nopork.png in Resources */,
			);
			runOnlyForDeploymentPostprocessing = 0;
		};
/* End PBXResourcesBuildPhase section */

/* Begin PBXSourcesBuildPhase section */
		1D60588E0D05DD3D006BFB54 /* Sources */ = {
			isa = PBXSourcesBuildPhase;
			buildActionMask = 2147483647;
			files = (
				1D60589B0D05DD56006BFB54 /* main.m in Sources */,
				1D3623260D0F684500981E51 /* NamNamTouchAppDelegate.m in Sources */,
				28C286E10D94DF7D0034E888 /* RootViewController.m in Sources */,
				2FF34431124E80B700A7956E /* Mensa.m in Sources */,
				2FF3443B124E824C00A7956E /* Tagesmenue.m in Sources */,
				2FF34440124E82D300A7956E /* Essen.m in Sources */,
				2FF34491124E882F00A7956E /* Mensaessen.m in Sources */,
				2FF344AE124E8CA400A7956E /* NamNamXMLParser.m in Sources */,
				2FF01EBB124EB7E100B8E408 /* TagesMenueDetailController.m in Sources */,
				2F5AE1451260B23B005D7DC5 /* NamNamSettingsController.m in Sources */,
				2F5AE14B1260B2B1005D7DC5 /* MensaURL.m in Sources */,
				2F5AE2AC1260C95D005D7DC5 /* NamNamMensaPickerController.m in Sources */,
				2F5AE4CD126106B7005D7DC5 /* TagesMenueTableCellController.m in Sources */,
				2FF348461262505900DD928C /* ModelLocator.m in Sources */,
			);
			runOnlyForDeploymentPostprocessing = 0;
		};
/* End PBXSourcesBuildPhase section */

/* Begin XCBuildConfiguration section */
		1D6058940D05DD3E006BFB54 /* Debug */ = {
			isa = XCBuildConfiguration;
			buildSettings = {
				ALWAYS_SEARCH_USER_PATHS = NO;
				COPY_PHASE_STRIP = NO;
				GCC_DYNAMIC_NO_PIC = NO;
				GCC_OPTIMIZATION_LEVEL = 0;
				GCC_PRECOMPILE_PREFIX_HEADER = YES;
				GCC_PREFIX_HEADER = NamNamTouch_Prefix.pch;
				INFOPLIST_FILE = "NamNamTouch-Info.plist";
				PRODUCT_NAME = NamNamTouch;
			};
			name = Debug;
		};
		1D6058950D05DD3E006BFB54 /* Release */ = {
			isa = XCBuildConfiguration;
			buildSettings = {
				ALWAYS_SEARCH_USER_PATHS = NO;
				COPY_PHASE_STRIP = YES;
				GCC_PRECOMPILE_PREFIX_HEADER = YES;
				GCC_PREFIX_HEADER = NamNamTouch_Prefix.pch;
				INFOPLIST_FILE = "NamNamTouch-Info.plist";
				PRODUCT_NAME = NamNamTouch;
				VALIDATE_PRODUCT = YES;
			};
			name = Release;
		};
		C01FCF4F08A954540054247B /* Debug */ = {
			isa = XCBuildConfiguration;
			buildSettings = {
				ARCHS = "$(ARCHS_STANDARD_32_BIT)";
				"CODE_SIGN_IDENTITY[sdk=iphoneos*]" = "Don't Code Sign";
				GCC_C_LANGUAGE_STANDARD = c99;
				GCC_WARN_ABOUT_RETURN_TYPE = YES;
				GCC_WARN_UNUSED_VARIABLE = YES;
				PREBINDING = NO;
				"PROVISIONING_PROFILE[sdk=iphoneos*]" = "";
				SDKROOT = iphonesimulator4.1;
			};
			name = Debug;
		};
		C01FCF5008A954540054247B /* Release */ = {
			isa = XCBuildConfiguration;
			buildSettings = {
				ARCHS = "$(ARCHS_STANDARD_32_BIT)";
				"CODE_SIGN_IDENTITY[sdk=iphoneos*]" = "Don't Code Sign";
				GCC_C_LANGUAGE_STANDARD = c99;
				GCC_WARN_ABOUT_RETURN_TYPE = YES;
				GCC_WARN_UNUSED_VARIABLE = YES;
				OTHER_CFLAGS = "-DNS_BLOCK_ASSERTIONS=1";
				PREBINDING = NO;
				"PROVISIONING_PROFILE[sdk=iphoneos*]" = "";
				SDKROOT = iphonesimulator4.1;
			};
			name = Release;
		};
/* End XCBuildConfiguration section */

/* Begin XCConfigurationList section */
		1D6058960D05DD3E006BFB54 /* Build configuration list for PBXNativeTarget "NamNam" */ = {
			isa = XCConfigurationList;
			buildConfigurations = (
				1D6058940D05DD3E006BFB54 /* Debug */,
				1D6058950D05DD3E006BFB54 /* Release */,
			);
			defaultConfigurationIsVisible = 0;
			defaultConfigurationName = Release;
		};
		C01FCF4E08A954540054247B /* Build configuration list for PBXProject "NamNamTouch" */ = {
			isa = XCConfigurationList;
			buildConfigurations = (
				C01FCF4F08A954540054247B /* Debug */,
				C01FCF5008A954540054247B /* Release */,
			);
			defaultConfigurationIsVisible = 0;
			defaultConfigurationName = Release;
		};
/* End XCConfigurationList section */
	};
	rootObject = 29B97313FDCFA39411CA2CEA /* Project object */;
}
